# THIS IS AN AUTOGENERATED FILE. DO NOT EDIT THIS FILE DIRECTLY.
# yarn lockfile v1


"@octokit/app@^15.1.2":
  version "15.1.2"
  resolved "https://registry.yarnpkg.com/@octokit/app/-/app-15.1.2.tgz#991895dc6f76ed66ac6afeae46a74b97d5735523"
  integrity sha512-6aKmKvqnJKoVK+kx0mLlBMKmQYoziPw4Rd/PWr0j65QVQlrDXlu6hGU8fmTXt7tNkf/DsubdIaTT4fkoWzCh5g==
  dependencies:
    "@octokit/auth-app" "^7.1.4"
    "@octokit/auth-unauthenticated" "^6.1.1"
    "@octokit/core" "^6.1.3"
    "@octokit/oauth-app" "^7.1.5"
    "@octokit/plugin-paginate-rest" "^11.3.6"
    "@octokit/types" "^13.6.2"
    "@octokit/webhooks" "^13.4.2"

"@octokit/auth-app@^7.1.4":
  version "7.1.4"
  resolved "https://registry.yarnpkg.com/@octokit/auth-app/-/auth-app-7.1.4.tgz#bd5a1fb813792ca6095de2a316580ca2f3826baa"
  integrity sha512-5F+3l/maq9JfWQ4bV28jT2G/K8eu9OJ317yzXPTGe4Kw+lKDhFaS4dQ3Ltmb6xImKxfCQdqDqMXODhc9YLipLw==
  dependencies:
    "@octokit/auth-oauth-app" "^8.1.2"
    "@octokit/auth-oauth-user" "^5.1.2"
    "@octokit/request" "^9.1.4"
    "@octokit/request-error" "^6.1.6"
    "@octokit/types" "^13.6.2"
    toad-cache "^3.7.0"
    universal-github-app-jwt "^2.2.0"
    universal-user-agent "^7.0.0"

"@octokit/auth-oauth-app@^8.1.2":
  version "8.1.2"
  resolved "https://registry.yarnpkg.com/@octokit/auth-oauth-app/-/auth-oauth-app-8.1.2.tgz#df91f059c79dc910e2c598eeee16279ee5eaf3f2"
  integrity sha512-3woNZgq5/S6RS+9ZTq+JdymxVr7E0s4EYxF20ugQvgX3pomdPUL5r/XdTY9wALoBM2eHVy4ettr5fKpatyTyHw==
  dependencies:
    "@octokit/auth-oauth-device" "^7.1.2"
    "@octokit/auth-oauth-user" "^5.1.2"
    "@octokit/request" "^9.1.4"
    "@octokit/types" "^13.6.2"
    universal-user-agent "^7.0.0"

"@octokit/auth-oauth-device@^7.1.2":
  version "7.1.2"
  resolved "https://registry.yarnpkg.com/@octokit/auth-oauth-device/-/auth-oauth-device-7.1.2.tgz#bd79003e780467f18b0ccf4ad488151769edf41b"
  integrity sha512-gTOIzDeV36OhVfxCl69FmvJix7tJIiU6dlxuzLVAzle7fYfO8UDyddr9B+o4CFQVaMBLMGZ9ak2CWMYcGeZnPw==
  dependencies:
    "@octokit/oauth-methods" "^5.1.3"
    "@octokit/request" "^9.1.4"
    "@octokit/types" "^13.6.2"
    universal-user-agent "^7.0.0"

"@octokit/auth-oauth-user@^5.1.2":
  version "5.1.2"
  resolved "https://registry.yarnpkg.com/@octokit/auth-oauth-user/-/auth-oauth-user-5.1.2.tgz#e0a74ed41c941ff0e916c20ffe224149209f9f15"
  integrity sha512-PgVDDPJgZYb3qSEXK4moksA23tfn68zwSAsQKZ1uH6IV9IaNEYx35OXXI80STQaLYnmEE86AgU0tC1YkM4WjsA==
  dependencies:
    "@octokit/auth-oauth-device" "^7.1.2"
    "@octokit/oauth-methods" "^5.1.2"
    "@octokit/request" "^9.1.4"
    "@octokit/types" "^13.6.2"
    universal-user-agent "^7.0.0"

"@octokit/auth-token@^5.0.0":
  version "5.1.2"
  resolved "https://registry.yarnpkg.com/@octokit/auth-token/-/auth-token-5.1.2.tgz#68a486714d7a7fd1df56cb9bc89a860a0de866de"
  integrity sha512-JcQDsBdg49Yky2w2ld20IHAlwr8d/d8N6NiOXbtuoPCqzbsiJgF633mVUw3x4mo0H5ypataQIX7SFu3yy44Mpw==

"@octokit/auth-unauthenticated@^6.1.1":
  version "6.1.1"
  resolved "https://registry.yarnpkg.com/@octokit/auth-unauthenticated/-/auth-unauthenticated-6.1.1.tgz#42f289e0a708fb8b0a34e8f175e99675252fbd40"
  integrity sha512-bGXqdN6RhSFHvpPq46SL8sN+F3odQ6oMNLWc875IgoqcC3qus+fOL2th6Tkl94wvdSTy8/OeHzWy/lZebmnhog==
  dependencies:
    "@octokit/request-error" "^6.1.6"
    "@octokit/types" "^13.6.2"

"@octokit/core@^6.1.3":
  version "6.1.3"
  resolved "https://registry.yarnpkg.com/@octokit/core/-/core-6.1.3.tgz#280d3bb66c702297baac0a202219dd66611286e4"
  integrity sha512-z+j7DixNnfpdToYsOutStDgeRzJSMnbj8T1C/oQjB6Aa+kRfNjs/Fn7W6c8bmlt6mfy3FkgeKBRnDjxQow5dow==
  dependencies:
    "@octokit/auth-token" "^5.0.0"
    "@octokit/graphql" "^8.1.2"
    "@octokit/request" "^9.1.4"
    "@octokit/request-error" "^6.1.6"
    "@octokit/types" "^13.6.2"
    before-after-hook "^3.0.2"
    universal-user-agent "^7.0.0"

"@octokit/endpoint@^10.0.0":
  version "10.1.2"
  resolved "https://registry.yarnpkg.com/@octokit/endpoint/-/endpoint-10.1.2.tgz#d38e727e2a64287114fdaa1eb9cd7c81c09460df"
  integrity sha512-XybpFv9Ms4hX5OCHMZqyODYqGTZ3H6K6Vva+M9LR7ib/xr1y1ZnlChYv9H680y77Vd/i/k+thXApeRASBQkzhA==
  dependencies:
    "@octokit/types" "^13.6.2"
    universal-user-agent "^7.0.2"

"@octokit/graphql@^8.1.2":
  version "8.2.0"
  resolved "https://registry.yarnpkg.com/@octokit/graphql/-/graphql-8.2.0.tgz#983a7ebc6479338d78921a1ca9b4095f85991e28"
  integrity sha512-gejfDywEml/45SqbWTWrhfwvLBrcGYhOn50sPOjIeVvH6i7D16/9xcFA8dAJNp2HMcd+g4vru41g4E2RBiZvfQ==
  dependencies:
    "@octokit/request" "^9.1.4"
    "@octokit/types" "^13.8.0"
    universal-user-agent "^7.0.0"

"@octokit/oauth-app@^7.1.4", "@octokit/oauth-app@^7.1.5":
  version "7.1.5"
  resolved "https://registry.yarnpkg.com/@octokit/oauth-app/-/oauth-app-7.1.5.tgz#f1d68220afad93d6d9033d8af5f6729452044c85"
  integrity sha512-/Y2MiwWDlGUK4blKKfjJiwjzu/FzwKTTTfTZAAQ0QbdBIDEGJPWhOFH6muSN86zaa4tNheB4YS3oWIR2e4ydzA==
  dependencies:
    "@octokit/auth-oauth-app" "^8.1.2"
    "@octokit/auth-oauth-user" "^5.1.2"
    "@octokit/auth-unauthenticated" "^6.1.1"
    "@octokit/core" "^6.1.3"
    "@octokit/oauth-authorization-url" "^7.1.1"
    "@octokit/oauth-methods" "^5.1.3"
    "@types/aws-lambda" "^8.10.83"
    universal-user-agent "^7.0.0"

"@octokit/oauth-authorization-url@^7.0.0", "@octokit/oauth-authorization-url@^7.1.1":
  version "7.1.1"
  resolved "https://registry.yarnpkg.com/@octokit/oauth-authorization-url/-/oauth-authorization-url-7.1.1.tgz#0e17c2225eb66b58ec902d02b6f1315ffe9ff04b"
  integrity sha512-ooXV8GBSabSWyhLUowlMIVd9l1s2nsOGQdlP2SQ4LnkEsGXzeCvbSbCPdZThXhEFzleGPwbapT0Sb+YhXRyjCA==

"@octokit/oauth-methods@^5.1.2", "@octokit/oauth-methods@^5.1.3":
  version "5.1.3"
  resolved "https://registry.yarnpkg.com/@octokit/oauth-methods/-/oauth-methods-5.1.3.tgz#d2083e7cfcc16f7c6c67141795a299538712eba8"
  integrity sha512-M+bDBi5H8FnH0xhCTg0m9hvcnppdDnxUqbZyOkxlLblKpLAR+eT2nbDPvJDp0eLrvJWA1I8OX0KHf/sBMQARRA==
  dependencies:
    "@octokit/oauth-authorization-url" "^7.0.0"
    "@octokit/request" "^9.1.4"
    "@octokit/request-error" "^6.1.6"
    "@octokit/types" "^13.6.2"

"@octokit/openapi-types@^23.0.1":
  version "23.0.1"
  resolved "https://registry.yarnpkg.com/@octokit/openapi-types/-/openapi-types-23.0.1.tgz#3721646ecd36b596ddb12650e0e89d3ebb2dd50e"
  integrity sha512-izFjMJ1sir0jn0ldEKhZ7xegCTj/ObmEDlEfpFrx4k/JyZSMRHbO3/rBwgE7f3m2DHt+RrNGIVw4wSmwnm3t/g==

"@octokit/openapi-webhooks-types@8.5.1":
  version "8.5.1"
  resolved "https://registry.yarnpkg.com/@octokit/openapi-webhooks-types/-/openapi-webhooks-types-8.5.1.tgz#de421dbd3efb586e908a152eed3f0ae50698a2f2"
  integrity sha512-i3h1b5zpGSB39ffBbYdSGuAd0NhBAwPyA3QV3LYi/lx4lsbZiu7u2UHgXVUR6EpvOI8REOuVh1DZTRfHoJDvuQ==

"@octokit/plugin-paginate-graphql@^5.2.4":
  version "5.2.4"
  resolved "https://registry.yarnpkg.com/@octokit/plugin-paginate-graphql/-/plugin-paginate-graphql-5.2.4.tgz#b6afda7b3f24cb93d2ab822ec8eac664a5d325d0"
  integrity sha512-pLZES1jWaOynXKHOqdnwZ5ULeVR6tVVCMm+AUbp0htdcyXDU95WbkYdU4R2ej1wKj5Tu94Mee2Ne0PjPO9cCyA==

"@octokit/plugin-paginate-rest@^11.3.6", "@octokit/plugin-paginate-rest@^11.4.0":
  version "11.4.0"
  resolved "https://registry.yarnpkg.com/@octokit/plugin-paginate-rest/-/plugin-paginate-rest-11.4.0.tgz#a9c3347113d793e48a014f0aa549eada00de7c9a"
  integrity sha512-ttpGck5AYWkwMkMazNCZMqxKqIq1fJBNxBfsFwwfyYKTf914jKkLF0POMS3YkPBwp5g1c2Y4L79gDz01GhSr1g==
  dependencies:
    "@octokit/types" "^13.7.0"

"@octokit/plugin-rest-endpoint-methods@^13.3.0":
  version "13.3.0"
  resolved "https://registry.yarnpkg.com/@octokit/plugin-rest-endpoint-methods/-/plugin-rest-endpoint-methods-13.3.0.tgz#ee18b9d6364bbae1d86e960d5576b555b41d2079"
  integrity sha512-LUm44shlmkp/6VC+qQgHl3W5vzUP99ZM54zH6BuqkJK4DqfFLhegANd+fM4YRLapTvPm4049iG7F3haANKMYvQ==
  dependencies:
    "@octokit/types" "^13.7.0"

"@octokit/plugin-retry@^7.1.3":
  version "7.1.3"
  resolved "https://registry.yarnpkg.com/@octokit/plugin-retry/-/plugin-retry-7.1.3.tgz#51440714165a36e6aa5efee2f3bf24e8af094981"
  integrity sha512-8nKOXvYWnzv89gSyIvgFHmCBAxfQAOPRlkacUHL9r5oWtp5Whxl8Skb2n3ACZd+X6cYijD6uvmrQuPH/UCL5zQ==
  dependencies:
    "@octokit/request-error" "^6.1.6"
    "@octokit/types" "^13.6.2"
    bottleneck "^2.15.3"

"@octokit/plugin-throttling@^9.4.0":
  version "9.4.0"
  resolved "https://registry.yarnpkg.com/@octokit/plugin-throttling/-/plugin-throttling-9.4.0.tgz#4ed134fe97262361feb0208b7d8df63b35c72eb7"
  integrity sha512-IOlXxXhZA4Z3m0EEYtrrACkuHiArHLZ3CvqWwOez/pURNqRuwfoFlTPbN5Muf28pzFuztxPyiUiNwz8KctdZaQ==
  dependencies:
    "@octokit/types" "^13.7.0"
    bottleneck "^2.15.3"

"@octokit/request-error@^6.0.1", "@octokit/request-error@^6.1.6":
  version "6.1.6"
  resolved "https://registry.yarnpkg.com/@octokit/request-error/-/request-error-6.1.6.tgz#5f42c7894e7c3ab47c63aa3241f78cee8a826644"
  integrity sha512-pqnVKYo/at0NuOjinrgcQYpEbv4snvP3bKMRqHaD9kIsk9u1LCpb2smHZi8/qJfgeNqLo5hNW4Z7FezNdEo0xg==
  dependencies:
    "@octokit/types" "^13.6.2"

"@octokit/request@^9.1.4":
  version "9.2.0"
  resolved "https://registry.yarnpkg.com/@octokit/request/-/request-9.2.0.tgz#21aa1e72ff645f5b99ccf4a590cc33c4578bb356"
  integrity sha512-kXLfcxhC4ozCnAXy2ff+cSxpcF0A1UqxjvYMqNuPIeOAzJbVWQ+dy5G2fTylofB/gTbObT8O6JORab+5XtA1Kw==
  dependencies:
    "@octokit/endpoint" "^10.0.0"
    "@octokit/request-error" "^6.0.1"
    "@octokit/types" "^13.6.2"
    fast-content-type-parse "^2.0.0"
    universal-user-agent "^7.0.2"

"@octokit/types@^13.6.2", "@octokit/types@^13.7.0", "@octokit/types@^13.8.0":
  version "13.8.0"
  resolved "https://registry.yarnpkg.com/@octokit/types/-/types-13.8.0.tgz#3815885e5abd16ed9ffeea3dced31d37ce3f8a0a"
  integrity sha512-x7DjTIbEpEWXK99DMd01QfWy0hd5h4EN+Q7shkdKds3otGQP+oWE/y0A76i1OvH9fygo4ddvNf7ZvF0t78P98A==
  dependencies:
    "@octokit/openapi-types" "^23.0.1"

"@octokit/webhooks-methods@^5.0.0":
  version "5.1.0"
  resolved "https://registry.yarnpkg.com/@octokit/webhooks-methods/-/webhooks-methods-5.1.0.tgz#13b6c08f89902c1ab0ddf31c6eeeec9c2772cfe6"
  integrity sha512-yFZa3UH11VIxYnnoOYCVoJ3q4ChuSOk2IVBBQ0O3xtKX4x9bmKb/1t+Mxixv2iUhzMdOl1qeWJqEhouXXzB3rQ==

"@octokit/webhooks@^13.4.2":
  version "13.5.0"
  resolved "https://registry.yarnpkg.com/@octokit/webhooks/-/webhooks-13.5.0.tgz#9eb3c534aa25d02f60e3aaaa7c75b2d89cc54229"
  integrity sha512-uSO/TCCfi9vaZHOBsGWsRNBXYYKtLnSDbHI+std0M80AaEd7AnVfLqvk+9V3GP1faPcOx06ADx+h8UWwvemIGw==
  dependencies:
    "@octokit/openapi-webhooks-types" "8.5.1"
    "@octokit/request-error" "^6.1.6"
    "@octokit/webhooks-methods" "^5.0.0"

"@types/aws-lambda@^8.10.83":
  version "8.10.102"
  resolved "https://registry.yarnpkg.com/@types/aws-lambda/-/aws-lambda-8.10.102.tgz#d2402224ec30cdddfb669005c25b6ee01fd6f5be"
  integrity sha512-BT05v46n9KtSHa9SgGuOvm49eSruJ9utD8iNXpdpuUVYk8wOcqmm1LEzpNRkrXxD0CULc38sdLpk6q3Wa2WOwg==

before-after-hook@^3.0.2:
  version "3.0.2"
  resolved "https://registry.yarnpkg.com/before-after-hook/-/before-after-hook-3.0.2.tgz#d5665a5fa8b62294a5aa0a499f933f4a1016195d"
  integrity sha512-Nik3Sc0ncrMK4UUdXQmAnRtzmNQTAAXmXIopizwZ1W1t8QmfJj+zL4OA2I7XPTPW5z5TDqv4hRo/JzouDJnX3A==

bottleneck@^2.15.3:
  version "2.19.5"
  resolved "https://registry.yarnpkg.com/bottleneck/-/bottleneck-2.19.5.tgz#5df0b90f59fd47656ebe63c78a98419205cadd91"
  integrity sha512-VHiNCbI1lKdl44tGrhNfU3lup0Tj/ZBMJB5/2ZbNXRCPuRCO7ed2mgcK4r17y+KB2EfuYuRaVlwNbAeaWGSpbw==

fast-content-type-parse@^2.0.0:
  version "2.0.1"
  resolved "https://registry.yarnpkg.com/fast-content-type-parse/-/fast-content-type-parse-2.0.1.tgz#c236124534ee2cb427c8d8e5ba35a4856947847b"
  integrity sha512-nGqtvLrj5w0naR6tDPfB4cUmYCqouzyQiz6C5y/LtcDllJdrcc6WaWW6iXyIIOErTa/XRybj28aasdn4LkVk6Q==

lodash@^4.17.21:
  version "4.17.21"
  resolved "https://registry.yarnpkg.com/lodash/-/lodash-4.17.21.tgz#679591c564c3bffaae8454cf0b3df370c3d6911c"
  integrity sha512-v2kDEe57lecTulaDIuNTPy3Ry4gLGJ6Z1O3vE1krgXZNrsQ+LFTGHVxVjcXPs17LhbZVGedAJv8XZ1tvj5FvSg==

octokit@^4.1.0:
  version "4.1.0"
  resolved "https://registry.yarnpkg.com/octokit/-/octokit-4.1.0.tgz#b225d840aed289551ea4a2265b84e5c8730859e1"
  integrity sha512-/UrQAOSvkc+lUUWKNzy4ByAgYU9KpFzZQt8DnC962YmQuDiZb1SNJ90YukCCK5aMzKqqCA+z1kkAlmzYvdYKag==
  dependencies:
    "@octokit/app" "^15.1.2"
    "@octokit/core" "^6.1.3"
    "@octokit/oauth-app" "^7.1.4"
    "@octokit/plugin-paginate-graphql" "^5.2.4"
    "@octokit/plugin-paginate-rest" "^11.4.0"
    "@octokit/plugin-rest-endpoint-methods" "^13.3.0"
    "@octokit/plugin-retry" "^7.1.3"
    "@octokit/plugin-throttling" "^9.4.0"
    "@octokit/request-error" "^6.1.6"
    "@octokit/types" "^13.7.0"

toad-cache@^3.7.0:
  version "3.7.0"
  resolved "https://registry.yarnpkg.com/toad-cache/-/toad-cache-3.7.0.tgz#b9b63304ea7c45ec34d91f1d2fa513517025c441"
  integrity sha512-/m8M+2BJUpoJdgAHoG+baCwBT+tf2VraSfkBgl0Y00qIWt41DJ8R5B8nsEw0I58YwF5IZH6z24/2TobDKnqSWw==

universal-github-app-jwt@^2.2.0:
  version "2.2.0"
  resolved "https://registry.yarnpkg.com/universal-github-app-jwt/-/universal-github-app-jwt-2.2.0.tgz#dc6c8929e76f1996a766ba2a08fb420f73365d77"
  integrity sha512-G5o6f95b5BggDGuUfKDApKaCgNYy2x7OdHY0zSMF081O0EJobw+1130VONhrA7ezGSV2FNOGyM+KQpQZAr9bIQ==

universal-user-agent@^7.0.0, universal-user-agent@^7.0.2:
  version "7.0.2"
  resolved "https://registry.yarnpkg.com/universal-user-agent/-/universal-user-agent-7.0.2.tgz#52e7d0e9b3dc4df06cc33cb2b9fd79041a54827e"
  integrity sha512-0JCqzSKnStlRRQfCdowvqy3cy0Dvtlb8xecj/H8JFZuCze4rwjPZQOgvFvn0Ws/usCHQFGpyr+pB9adaGwXn4Q==
